// !$*UTF8*$!
{
	archiveVersion = 1;
	classes = {
	};
	objectVersion = 50;
	objects = {

/* Begin PBXBuildFile section */
		3338B20E218803B500432B20 /* LLDecodeVideo.cpp in Sources */ = {isa = PBXBuildFile; fileRef = 3338B20D218803B400432B20 /* LLDecodeVideo.cpp */; };
		33B71CAC2186D683000D725F /* main.cpp in Sources */ = {isa = PBXBuildFile; fileRef = 33B71CAB2186D683000D725F /* main.cpp */; };
		33B71CB82186DA7D000D725F /* SDL2.framework in Frameworks */ = {isa = PBXBuildFile; fileRef = 33B71CB72186DA7D000D725F /* SDL2.framework */; };
		33B71CBE2186DADD000D725F /* LLWindow.cpp in Sources */ = {isa = PBXBuildFile; fileRef = 33B71CBC2186DADD000D725F /* LLWindow.cpp */; };
		33B71CEA21870B6B000D725F /* libavresample.a in Frameworks */ = {isa = PBXBuildFile; fileRef = 33B71CE121870B6B000D725F /* libavresample.a */; };
		33B71CEB21870B6B000D725F /* libavfilter.a in Frameworks */ = {isa = PBXBuildFile; fileRef = 33B71CE221870B6B000D725F /* libavfilter.a */; };
		33B71CEC21870B6B000D725F /* libswresample.a in Frameworks */ = {isa = PBXBuildFile; fileRef = 33B71CE321870B6B000D725F /* libswresample.a */; };
		33B71CED21870B6B000D725F /* libpostproc.a in Frameworks */ = {isa = PBXBuildFile; fileRef = 33B71CE421870B6B000D725F /* libpostproc.a */; };
		33B71CEE21870B6B000D725F /* libavformat.a in Frameworks */ = {isa = PBXBuildFile; fileRef = 33B71CE521870B6B000D725F /* libavformat.a */; };
		33B71CEF21870B6B000D725F /* libswscale.a in Frameworks */ = {isa = PBXBuildFile; fileRef = 33B71CE621870B6B000D725F /* libswscale.a */; };
		33B71CF021870B6B000D725F /* libavdevice.a in Frameworks */ = {isa = PBXBuildFile; fileRef = 33B71CE721870B6B000D725F /* libavdevice.a */; };
		33B71CF121870B6B000D725F /* libavcodec.a in Frameworks */ = {isa = PBXBuildFile; fileRef = 33B71CE821870B6B000D725F /* libavcodec.a */; };
		33B71CF221870B6B000D725F /* libavutil.a in Frameworks */ = {isa = PBXBuildFile; fileRef = 33B71CE921870B6B000D725F /* libavutil.a */; };
/* End PBXBuildFile section */

/* Begin PBXCopyFilesBuildPhase section */
		33B71CA62186D683000D725F /* CopyFiles */ = {
			isa = PBXCopyFilesBuildPhase;
			buildActionMask = 2147483647;
			dstPath = /usr/share/man/man1/;
			dstSubfolderSpec = 0;
			files = (
			);
			runOnlyForDeploymentPostprocessing = 1;
		};
/* End PBXCopyFilesBuildPhase section */

/* Begin PBXFileReference section */
		331BE9D3218B4105004CCD1C /* LLPool.hpp */ = {isa = PBXFileReference; lastKnownFileType = sourcecode.cpp.h; name = LLPool.hpp; path = ../../../../src/LLPool.hpp; sourceTree = "<group>"; };
		3338B20A2188036B00432B20 /* LLTimer.hpp */ = {isa = PBXFileReference; lastKnownFileType = sourcecode.cpp.h; name = LLTimer.hpp; path = ../../../../src/LLTimer.hpp; sourceTree = "<group>"; };
		3338B20D218803B400432B20 /* LLDecodeVideo.cpp */ = {isa = PBXFileReference; fileEncoding = 4; lastKnownFileType = sourcecode.cpp.cpp; name = LLDecodeVideo.cpp; path = ../../../../src/LLDecodeVideo.cpp; sourceTree = "<group>"; };
		3338B20F218803D100432B20 /* LLVideoMgr.hpp */ = {isa = PBXFileReference; lastKnownFileType = sourcecode.cpp.h; name = LLVideoMgr.hpp; path = ../../../../src/LLVideoMgr.hpp; sourceTree = "<group>"; };
		33B71CA82186D683000D725F /* Player */ = {isa = PBXFileReference; explicitFileType = "compiled.mach-o.executable"; includeInIndex = 0; path = Player; sourceTree = BUILT_PRODUCTS_DIR; };
		33B71CAB2186D683000D725F /* main.cpp */ = {isa = PBXFileReference; lastKnownFileType = sourcecode.cpp.cpp; path = main.cpp; sourceTree = "<group>"; };
		33B71CB72186DA7D000D725F /* SDL2.framework */ = {isa = PBXFileReference; lastKnownFileType = wrapper.framework; name = SDL2.framework; path = ../../../../../../../../Library/Frameworks/SDL2.framework; sourceTree = "<group>"; };
		33B71CBB2186DADD000D725F /* LLQueue.hpp */ = {isa = PBXFileReference; fileEncoding = 4; lastKnownFileType = sourcecode.cpp.h; name = LLQueue.hpp; path = ../../../../src/LLQueue.hpp; sourceTree = "<group>"; };
		33B71CBC2186DADD000D725F /* LLWindow.cpp */ = {isa = PBXFileReference; fileEncoding = 4; lastKnownFileType = sourcecode.cpp.cpp; name = LLWindow.cpp; path = ../../../../src/LLWindow.cpp; sourceTree = "<group>"; };
		33B71CE121870B6B000D725F /* libavresample.a */ = {isa = PBXFileReference; lastKnownFileType = archive.ar; name = libavresample.a; path = ../../../../../../../../usr/local/Cellar/ffmpeg/4.0.2_1/lib/libavresample.a; sourceTree = "<group>"; };
		33B71CE221870B6B000D725F /* libavfilter.a */ = {isa = PBXFileReference; lastKnownFileType = archive.ar; name = libavfilter.a; path = ../../../../../../../../usr/local/Cellar/ffmpeg/4.0.2_1/lib/libavfilter.a; sourceTree = "<group>"; };
		33B71CE321870B6B000D725F /* libswresample.a */ = {isa = PBXFileReference; lastKnownFileType = archive.ar; name = libswresample.a; path = ../../../../../../../../usr/local/Cellar/ffmpeg/4.0.2_1/lib/libswresample.a; sourceTree = "<group>"; };
		33B71CE421870B6B000D725F /* libpostproc.a */ = {isa = PBXFileReference; lastKnownFileType = archive.ar; name = libpostproc.a; path = ../../../../../../../../usr/local/Cellar/ffmpeg/4.0.2_1/lib/libpostproc.a; sourceTree = "<group>"; };
		33B71CE521870B6B000D725F /* libavformat.a */ = {isa = PBXFileReference; lastKnownFileType = archive.ar; name = libavformat.a; path = ../../../../../../../../usr/local/Cellar/ffmpeg/4.0.2_1/lib/libavformat.a; sourceTree = "<group>"; };
		33B71CE621870B6B000D725F /* libswscale.a */ = {isa = PBXFileReference; lastKnownFileType = archive.ar; name = libswscale.a; path = ../../../../../../../../usr/local/Cellar/ffmpeg/4.0.2_1/lib/libswscale.a; sourceTree = "<group>"; };
		33B71CE721870B6B000D725F /* libavdevice.a */ = {isa = PBXFileReference; lastKnownFileType = archive.ar; name = libavdevice.a; path = ../../../../../../../../usr/local/Cellar/ffmpeg/4.0.2_1/lib/libavdevice.a; sourceTree = "<group>"; };
		33B71CE821870B6B000D725F /* libavcodec.a */ = {isa = PBXFileReference; lastKnownFileType = archive.ar; name = libavcodec.a; path = ../../../../../../../../usr/local/Cellar/ffmpeg/4.0.2_1/lib/libavcodec.a; sourceTree = "<group>"; };
		33B71CE921870B6B000D725F /* libavutil.a */ = {isa = PBXFileReference; lastKnownFileType = archive.ar; name = libavutil.a; path = ../../../../../../../../usr/local/Cellar/ffmpeg/4.0.2_1/lib/libavutil.a; sourceTree = "<group>"; };
/* End PBXFileReference section */

/* Begin PBXFrameworksBuildPhase section */
		33B71CA52186D683000D725F /* Frameworks */ = {
			isa = PBXFrameworksBuildPhase;
			buildActionMask = 2147483647;
			files = (
				33B71CB82186DA7D000D725F /* SDL2.framework in Frameworks */,
				33B71CEA21870B6B000D725F /* libavresample.a in Frameworks */,
				33B71CEB21870B6B000D725F /* libavfilter.a in Frameworks */,
				33B71CEC21870B6B000D725F /* libswresample.a in Frameworks */,
				33B71CED21870B6B000D725F /* libpostproc.a in Frameworks */,
				33B71CEE21870B6B000D725F /* libavformat.a in Frameworks */,
				33B71CEF21870B6B000D725F /* libswscale.a in Frameworks */,
				33B71CF021870B6B000D725F /* libavdevice.a in Frameworks */,
				33B71CF121870B6B000D725F /* libavcodec.a in Frameworks */,
				33B71CF221870B6B000D725F /* libavutil.a in Frameworks */,
			);
			runOnlyForDeploymentPostprocessing = 0;
		};
/* End PBXFrameworksBuildPhase section */

/* Begin PBXGroup section */
		33B71C9F2186D683000D725F = {
			isa = PBXGroup;
			children = (
				33B71CAA2186D683000D725F /* Player */,
				33B71CA92186D683000D725F /* Products */,
				33B71CB22186D6B6000D725F /* Frameworks */,
			);
			sourceTree = "<group>";
		};
		33B71CA92186D683000D725F /* Products */ = {
			isa = PBXGroup;
			children = (
				33B71CA82186D683000D725F /* Player */,
			);
			name = Products;
			sourceTree = "<group>";
		};
		33B71CAA2186D683000D725F /* Player */ = {
			isa = PBXGroup;
			children = (
				33B71CAB2186D683000D725F /* main.cpp */,
				331BE9D3218B4105004CCD1C /* LLPool.hpp */,
				33B71CBB2186DADD000D725F /* LLQueue.hpp */,
				33B71CBC2186DADD000D725F /* LLWindow.cpp */,
				3338B20A2188036B00432B20 /* LLTimer.hpp */,
				3338B20D218803B400432B20 /* LLDecodeVideo.cpp */,
				3338B20F218803D100432B20 /* LLVideoMgr.hpp */,
			);
			path = Player;
			sourceTree = "<group>";
		};
		33B71CB22186D6B6000D725F /* Frameworks */ = {
			isa = PBXGroup;
			children = (
				33B71CE821870B6B000D725F /* libavcodec.a */,
				33B71CE721870B6B000D725F /* libavdevice.a */,
				33B71CE221870B6B000D725F /* libavfilter.a */,
				33B71CE521870B6B000D725F /* libavformat.a */,
				33B71CE121870B6B000D725F /* libavresample.a */,
				33B71CE921870B6B000D725F /* libavutil.a */,
				33B71CE421870B6B000D725F /* libpostproc.a */,
				33B71CE321870B6B000D725F /* libswresample.a */,
				33B71CE621870B6B000D725F /* libswscale.a */,
				33B71CB72186DA7D000D725F /* SDL2.framework */,
			);
			name = Frameworks;
			sourceTree = "<group>";
		};
/* End PBXGroup section */

/* Begin PBXNativeTarget section */
		33B71CA72186D683000D725F /* Player */ = {
			isa = PBXNativeTarget;
			buildConfigurationList = 33B71CAF2186D683000D725F /* Build configuration list for PBXNativeTarget "Player" */;
			buildPhases = (
				33B71CA42186D683000D725F /* Sources */,
				33B71CA52186D683000D725F /* Frameworks */,
				33B71CA62186D683000D725F /* CopyFiles */,
			);
			buildRules = (
			);
			dependencies = (
			);
			name = Player;
			productName = Player;
			productReference = 33B71CA82186D683000D725F /* Player */;
			productType = "com.apple.product-type.tool";
		};
/* End PBXNativeTarget section */

/* Begin PBXProject section */
		33B71CA02186D683000D725F /* Project object */ = {
			isa = PBXProject;
			attributes = {
				LastUpgradeCheck = 1000;
				ORGANIZATIONNAME = "陈龙";
				TargetAttributes = {
					33B71CA72186D683000D725F = {
						CreatedOnToolsVersion = 10.0;
					};
				};
			};
			buildConfigurationList = 33B71CA32186D683000D725F /* Build configuration list for PBXProject "Player" */;
			compatibilityVersion = "Xcode 9.3";
			developmentRegion = en;
			hasScannedForEncodings = 0;
			knownRegions = (
				en,
			);
			mainGroup = 33B71C9F2186D683000D725F;
			productRefGroup = 33B71CA92186D683000D725F /* Products */;
			projectDirPath = "";
			projectRoot = "";
			targets = (
				33B71CA72186D683000D725F /* Player */,
			);
		};
/* End PBXProject section */

/* Begin PBXSourcesBuildPhase section */
		33B71CA42186D683000D725F /* Sources */ = {
			isa = PBXSourcesBuildPhase;
			buildActionMask = 2147483647;
			files = (
				33B71CAC2186D683000D725F /* main.cpp in Sources */,
				3338B20E218803B500432B20 /* LLDecodeVideo.cpp in Sources */,
				33B71CBE2186DADD000D725F /* LLWindow.cpp in Sources */,
			);
			runOnlyForDeploymentPostprocessing = 0;
		};
/* End PBXSourcesBuildPhase section */

/* Begin XCBuildConfiguration section */
		33B71CAD2186D683000D725F /* Debug */ = {
			isa = XCBuildConfiguration;
			buildSettings = {
				ALWAYS_SEARCH_USER_PATHS = NO;
				CLANG_ANALYZER_NONNULL = YES;
				CLANG_ANALYZER_NUMBER_OBJECT_CONVERSION = YES_AGGRESSIVE;
				CLANG_CXX_LANGUAGE_STANDARD = "gnu++14";
				CLANG_CXX_LIBRARY = "libc++";
				CLANG_ENABLE_MODULES = YES;
				CLANG_ENABLE_OBJC_ARC = YES;
				CLANG_ENABLE_OBJC_WEAK = YES;
				CLANG_WARN_BLOCK_CAPTURE_AUTORELEASING = YES;
				CLANG_WARN_BOOL_CONVERSION = YES;
				CLANG_WARN_COMMA = YES;
				CLANG_WARN_CONSTANT_CONVERSION = YES;
				CLANG_WARN_DEPRECATED_OBJC_IMPLEMENTATIONS = YES;
				CLANG_WARN_DIRECT_OBJC_ISA_USAGE = YES_ERROR;
				CLANG_WARN_DOCUMENTATION_COMMENTS = YES;
				CLANG_WARN_EMPTY_BODY = YES;
				CLANG_WARN_ENUM_CONVERSION = YES;
				CLANG_WARN_INFINITE_RECURSION = YES;
				CLANG_WARN_INT_CONVERSION = YES;
				CLANG_WARN_NON_LITERAL_NULL_CONVERSION = YES;
				CLANG_WARN_OBJC_IMPLICIT_RETAIN_SELF = YES;
				CLANG_WARN_OBJC_LITERAL_CONVERSION = YES;
				CLANG_WARN_OBJC_ROOT_CLASS = YES_ERROR;
				CLANG_WARN_RANGE_LOOP_ANALYSIS = YES;
				CLANG_WARN_STRICT_PROTOTYPES = YES;
				CLANG_WARN_SUSPICIOUS_MOVE = YES;
				CLANG_WARN_UNGUARDED_AVAILABILITY = YES_AGGRESSIVE;
				CLANG_WARN_UNREACHABLE_CODE = YES;
				CLANG_WARN__DUPLICATE_METHOD_MATCH = YES;
				CODE_SIGN_IDENTITY = "-";
				COPY_PHASE_STRIP = NO;
				DEBUG_INFORMATION_FORMAT = dwarf;
				ENABLE_STRICT_OBJC_MSGSEND = YES;
				ENABLE_TESTABILITY = YES;
				GCC_C_LANGUAGE_STANDARD = gnu11;
				GCC_DYNAMIC_NO_PIC = NO;
				GCC_NO_COMMON_BLOCKS = YES;
				GCC_OPTIMIZATION_LEVEL = 0;
				GCC_PREPROCESSOR_DEFINITIONS = (
					"DEBUG=1",
					"$(inherited)",
				);
				GCC_WARN_64_TO_32_BIT_CONVERSION = YES;
				GCC_WARN_ABOUT_RETURN_TYPE = YES_ERROR;
				GCC_WARN_UNDECLARED_SELECTOR = YES;
				GCC_WARN_UNINITIALIZED_AUTOS = YES_AGGRESSIVE;
				GCC_WARN_UNUSED_FUNCTION = YES;
				GCC_WARN_UNUSED_VARIABLE = YES;
				MACOSX_DEPLOYMENT_TARGET = 10.13;
				MTL_ENABLE_DEBUG_INFO = INCLUDE_SOURCE;
				MTL_FAST_MATH = YES;
				ONLY_ACTIVE_ARCH = YES;
				SDKROOT = macosx;
				SYMROOT = ./;
			};
			name = Debug;
		};
		33B71CAE2186D683000D725F /* Release */ = {
			isa = XCBuildConfiguration;
			buildSettings = {
				ALWAYS_SEARCH_USER_PATHS = NO;
				CLANG_ANALYZER_NONNULL = YES;
				CLANG_ANALYZER_NUMBER_OBJECT_CONVERSION = YES_AGGRESSIVE;
				CLANG_CXX_LANGUAGE_STANDARD = "gnu++14";
				CLANG_CXX_LIBRARY = "libc++";
				CLANG_ENABLE_MODULES = YES;
				CLANG_ENABLE_OBJC_ARC = YES;
				CLANG_ENABLE_OBJC_WEAK = YES;
				CLANG_WARN_BLOCK_CAPTURE_AUTORELEASING = YES;
				CLANG_WARN_BOOL_CONVERSION = YES;
				CLANG_WARN_COMMA = YES;
				CLANG_WARN_CONSTANT_CONVERSION = YES;
				CLANG_WARN_DEPRECATED_OBJC_IMPLEMENTATIONS = YES;
				CLANG_WARN_DIRECT_OBJC_ISA_USAGE = YES_ERROR;
				CLANG_WARN_DOCUMENTATION_COMMENTS = YES;
				CLANG_WARN_EMPTY_BODY = YES;
				CLANG_WARN_ENUM_CONVERSION = YES;
				CLANG_WARN_INFINITE_RECURSION = YES;
				CLANG_WARN_INT_CONVERSION = YES;
				CLANG_WARN_NON_LITERAL_NULL_CONVERSION = YES;
				CLANG_WARN_OBJC_IMPLICIT_RETAIN_SELF = YES;
				CLANG_WARN_OBJC_LITERAL_CONVERSION = YES;
				CLANG_WARN_OBJC_ROOT_CLASS = YES_ERROR;
				CLANG_WARN_RANGE_LOOP_ANALYSIS = YES;
				CLANG_WARN_STRICT_PROTOTYPES = YES;
				CLANG_WARN_SUSPICIOUS_MOVE = YES;
				CLANG_WARN_UNGUARDED_AVAILABILITY = YES_AGGRESSIVE;
				CLANG_WARN_UNREACHABLE_CODE = YES;
				CLANG_WARN__DUPLICATE_METHOD_MATCH = YES;
				CODE_SIGN_IDENTITY = "-";
				COPY_PHASE_STRIP = NO;
				DEBUG_INFORMATION_FORMAT = "dwarf-with-dsym";
				ENABLE_NS_ASSERTIONS = NO;
				ENABLE_STRICT_OBJC_MSGSEND = YES;
				GCC_C_LANGUAGE_STANDARD = gnu11;
				GCC_NO_COMMON_BLOCKS = YES;
				GCC_WARN_64_TO_32_BIT_CONVERSION = YES;
				GCC_WARN_ABOUT_RETURN_TYPE = YES_ERROR;
				GCC_WARN_UNDECLARED_SELECTOR = YES;
				GCC_WARN_UNINITIALIZED_AUTOS = YES_AGGRESSIVE;
				GCC_WARN_UNUSED_FUNCTION = YES;
				GCC_WARN_UNUSED_VARIABLE = YES;
				MACOSX_DEPLOYMENT_TARGET = 10.13;
				MTL_ENABLE_DEBUG_INFO = NO;
				MTL_FAST_MATH = YES;
				SDKROOT = macosx;
				SYMROOT = ./;
			};
			name = Release;
		};
		33B71CB02186D683000D725F /* Debug */ = {
			isa = XCBuildConfiguration;
			buildSettings = {
				CODE_SIGN_STYLE = Automatic;
				FRAMEWORK_SEARCH_PATHS = (
					"$(inherited)",
					"$(LOCAL_LIBRARY_DIR)/Frameworks",
				);
				LIBRARY_SEARCH_PATHS = /usr/local/Cellar/ffmpeg/4.0.2_1/lib;
				PRODUCT_NAME = "$(TARGET_NAME)";
				USER_HEADER_SEARCH_PATHS = (
					../../../,
					../../../ffmpeg/include,
				);
			};
			name = Debug;
		};
		33B71CB12186D683000D725F /* Release */ = {
			isa = XCBuildConfiguration;
			buildSettings = {
				CODE_SIGN_STYLE = Automatic;
				FRAMEWORK_SEARCH_PATHS = (
					"$(inherited)",
					"$(LOCAL_LIBRARY_DIR)/Frameworks",
				);
				LIBRARY_SEARCH_PATHS = /usr/local/Cellar/ffmpeg/4.0.2_1/lib;
				PRODUCT_NAME = "$(TARGET_NAME)";
				USER_HEADER_SEARCH_PATHS = (
					../../../,
					../../../ffmpeg/include,
				);
			};
			name = Release;
		};
/* End XCBuildConfiguration section */

/* Begin XCConfigurationList section */
		33B71CA32186D683000D725F /* Build configuration list for PBXProject "Player" */ = {
			isa = XCConfigurationList;
			buildConfigurations = (
				33B71CAD2186D683000D725F /* Debug */,
				33B71CAE2186D683000D725F /* Release */,
			);
			defaultConfigurationIsVisible = 0;
			defaultConfigurationName = Release;
		};
		33B71CAF2186D683000D725F /* Build configuration list for PBXNativeTarget "Player" */ = {
			isa = XCConfigurationList;
			buildConfigurations = (
				33B71CB02186D683000D725F /* Debug */,
				33B71CB12186D683000D725F /* Release */,
			);
			defaultConfigurationIsVisible = 0;
			defaultConfigurationName = Release;
		};
/* End XCConfigurationList section */
	};
	rootObject = 33B71CA02186D683000D725F /* Project object */;
}
