
Microsoft Visual Studio Solution File, Format Version 12.00
# Visual Studio 15
VisualStudioVersion = 15.0.28010.2036
MinimumVisualStudioVersion = 10.0.40219.1
Project("{8BC9CEB8-8B4A-11D0-8D11-00A0C91BC942}") = "Player", "Player\Player.vcxproj", "{725A9E26-1CF7-49D4-8AAD-74DF654B2171}"
EndProject
Global
	GlobalSection(SolutionConfigurationPlatforms) = preSolution
		Debug|x64 = Debug|x64
		Debug|x86 = Debug|x86
		Release|x64 = Release|x64
		Release|x86 = Release|x86
	EndGlobalSection
	GlobalSection(ProjectConfigurationPlatforms) = postSolution
		{725A9E26-1CF7-49D4-8AAD-74DF654B2171}.Debug|x64.ActiveCfg = Debug|x64
		{725A9E26-1CF7-49D4-8AAD-74DF654B2171}.Debug|x64.Build.0 = Debug|x64
		{725A9E26-1CF7-49D4-8AAD-74DF654B2171}.Debug|x86.ActiveCfg = Debug|Win32
		{725A9E26-1CF7-49D4-8AAD-74DF654B2171}.Debug|x86.Build.0 = Debug|Win32
		{725A9E26-1CF7-49D4-8AAD-74DF654B2171}.Release|x64.ActiveCfg = Release|x64
		{725A9E26-1CF7-49D4-8AAD-74DF654B2171}.Release|x64.Build.0 = Release|x64
		{725A9E26-1CF7-49D4-8AAD-74DF654B2171}.Release|x86.ActiveCfg = Release|Win32
		{725A9E26-1CF7-49D4-8AAD-74DF654B2171}.Release|x86.Build.0 = Release|Win32
	EndGlobalSection
	GlobalSection(SolutionProperties) = preSolution
		HideSolutionNode = FALSE
	EndGlobalSection
	GlobalSection(ExtensibilityGlobals) = postSolution
		SolutionGuid = {A78E05E4-86CC-425E-916B-44C6537C6E8A}
	EndGlobalSection
EndGlobal
